
Microsoft Visual Studio Solution File, Format Version 12.00
# Visual Studio Version 17
VisualStudioVersion = 17.14.36930.0 d17.14
MinimumVisualStudioVersion = 10.0.40219.1
Project("{FAE04EC0-301F-11D3-BF4B-00C04F79EFBC}") = "GenericTypes", "GenericTypes\GenericTypes.csproj", "{69F02174-C7FA-4D03-8269-5241ED4506E7}"
EndProject
Global
	GlobalSection(SolutionConfigurationPlatforms) = preSolution
		Debug|Any CPU = Debug|Any CPU
		Release|Any CPU = Release|Any CPU
	EndGlobalSection
	GlobalSection(ProjectConfigurationPlatforms) = postSolution
		{69F02174-C7FA-4D03-8269-5241ED4506E7}.Debug|Any CPU.ActiveCfg = Debug|Any CPU
		{69F02174-C7FA-4D03-8269-5241ED4506E7}.Debug|Any CPU.Build.0 = Debug|Any CPU
		{69F02174-C7FA-4D03-8269-5241ED4506E7}.Release|Any CPU.ActiveCfg = Release|Any CPU
		{69F02174-C7FA-4D03-8269-5241ED4506E7}.Release|Any CPU.Build.0 = Release|Any CPU
	EndGlobalSection
	GlobalSection(SolutionProperties) = preSolution
		HideSolutionNode = FALSE
	EndGlobalSection
	GlobalSection(ExtensibilityGlobals) = postSolution
		SolutionGuid = {0CD938B9-BE5E-4C42-8091-5036B4A7ECC6}
	EndGlobalSection
EndGlobal
